
Microsoft Visual Studio Solution File, Format Version 12.00
# Visual Studio Version 17
VisualStudioVersion = 17.11.35208.52
MinimumVisualStudioVersion = 10.0.40219.1
Project("{2150E333-8FDC-42A3-9474-1A3956D46DE8}") = "1.Code", "1.Code", "{04D9B58C-12A2-40BD-A939-1C5486EBB101}"
EndProject
Project("{2150E333-8FDC-42A3-9474-1A3956D46DE8}") = "2.Test", "2.Test", "{EFAB4C36-6BC0-4579-8EA4-8EAF8D53673C}"
EndProject
Global
	GlobalSection(SolutionProperties) = preSolution
		HideSolutionNode = FALSE
	EndGlobalSection
	GlobalSection(ExtensibilityGlobals) = postSolution
		SolutionGuid = {6745AD8F-799E-4A4F-92B5-5290170A78AB}
	EndGlobalSection
EndGlobal
